
Microsoft Visual Studio Solution File, Format Version 12.00
# Visual Studio Version 17
VisualStudioVersion = 17.8.34525.116
MinimumVisualStudioVersion = 10.0.40219.1
Project("{9A19103F-16F7-4668-BE54-9A1E7A4F7556}") = "BlazorCalendario", "BlazorCalendario\BlazorCalendario.csproj", "{6AB4A270-2507-471F-B4B7-3864428BA42F}"
EndProject
Global
	GlobalSection(SolutionConfigurationPlatforms) = preSolution
		Debug|Any CPU = Debug|Any CPU
		Release|Any CPU = Release|Any CPU
	EndGlobalSection
	GlobalSection(ProjectConfigurationPlatforms) = postSolution
		{6AB4A270-2507-471F-B4B7-3864428BA42F}.Debug|Any CPU.ActiveCfg = Debug|Any CPU
		{6AB4A270-2507-471F-B4B7-3864428BA42F}.Debug|Any CPU.Build.0 = Debug|Any CPU
		{6AB4A270-2507-471F-B4B7-3864428BA42F}.Release|Any CPU.ActiveCfg = Release|Any CPU
		{6AB4A270-2507-471F-B4B7-3864428BA42F}.Release|Any CPU.Build.0 = Release|Any CPU
	EndGlobalSection
	GlobalSection(SolutionProperties) = preSolution
		HideSolutionNode = FALSE
	EndGlobalSection
	GlobalSection(ExtensibilityGlobals) = postSolution
		SolutionGuid = {E9CC678E-DAA6-43AC-8D4E-CF228AABFBC2}
	EndGlobalSection
EndGlobal
